{
  "name": "nrw",
  "lockfileVersion": 2,
  "requires": true,
  "packages": {
    "": {
      "dependencies": {
        "easyqrcodejs": "^4.4.10"
      }
    },
    "node_modules/easyqrcodejs": {
      "version": "4.4.10",
      "resolved": "https://registry.npmjs.org/easyqrcodejs/-/easyqrcodejs-4.4.10.tgz",
      "integrity": "sha512-DEr/Txdyfo0RsKuC0tX6t72GF5oqNFbnKVL9dTLatL5yiLJaId65BSfa5HKl4FaJt71yRX3DF1sf977FwynWtw=="
    }
  },
  "dependencies": {
    "easyqrcodejs": {
      "version": "4.4.10",
      "resolved": "https://registry.npmjs.org/easyqrcodejs/-/easyqrcodejs-4.4.10.tgz",
      "integrity": "sha512-DEr/Txdyfo0RsKuC0tX6t72GF5oqNFbnKVL9dTLatL5yiLJaId65BSfa5HKl4FaJt71yRX3DF1sf977FwynWtw=="
    }
  }
}
