{
  "name": "nrw",
  "lockfileVersion": 2,
  "requires": true,
  "packages": {
    "": {
      "dependencies": {
        "drawflow": "^0.0.55",
        "easyqrcodejs": "^4.4.10"
      }
    },
    "node_modules/drawflow": {
      "version": "0.0.55",
      "resolved": "https://registry.npmjs.org/drawflow/-/drawflow-0.0.55.tgz",
      "integrity": "sha512-/FkJ2FxitsCWmZHMlhlMUS800wkLjaanthbekI0LQqqfn+K/MZHnTospYe/j0N4227Grc5q/SAxTJZmbIvu9FA=="
    },
    "node_modules/easyqrcodejs": {
      "version": "4.4.10",
      "resolved": "https://registry.npmjs.org/easyqrcodejs/-/easyqrcodejs-4.4.10.tgz",
      "integrity": "sha512-DEr/Txdyfo0RsKuC0tX6t72GF5oqNFbnKVL9dTLatL5yiLJaId65BSfa5HKl4FaJt71yRX3DF1sf977FwynWtw=="
    }
  },
  "dependencies": {
    "drawflow": {
      "version": "0.0.55",
      "resolved": "https://registry.npmjs.org/drawflow/-/drawflow-0.0.55.tgz",
      "integrity": "sha512-/FkJ2FxitsCWmZHMlhlMUS800wkLjaanthbekI0LQqqfn+K/MZHnTospYe/j0N4227Grc5q/SAxTJZmbIvu9FA=="
    },
    "easyqrcodejs": {
      "version": "4.4.10",
      "resolved": "https://registry.npmjs.org/easyqrcodejs/-/easyqrcodejs-4.4.10.tgz",
      "integrity": "sha512-DEr/Txdyfo0RsKuC0tX6t72GF5oqNFbnKVL9dTLatL5yiLJaId65BSfa5HKl4FaJt71yRX3DF1sf977FwynWtw=="
    }
  }
}
